
Microsoft Visual Studio Solution File, Format Version 12.00
# Visual Studio Version 16
VisualStudioVersion = 16.0.34729.46
MinimumVisualStudioVersion = 10.0.40219.1
Project("{FAE04EC0-301F-11D3-BF4B-00C04F79EFBC}") = "ex4_2048_game", "ex4_2048_game\ex4_2048_game.csproj", "{77A85F8E-1CFB-4F36-836C-33E7E900C9C3}"
EndProject
Global
	GlobalSection(SolutionConfigurationPlatforms) = preSolution
		Debug|Any CPU = Debug|Any CPU
		Release|Any CPU = Release|Any CPU
	EndGlobalSection
	GlobalSection(ProjectConfigurationPlatforms) = postSolution
		{77A85F8E-1CFB-4F36-836C-33E7E900C9C3}.Debug|Any CPU.ActiveCfg = Debug|Any CPU
		{77A85F8E-1CFB-4F36-836C-33E7E900C9C3}.Debug|Any CPU.Build.0 = Debug|Any CPU
		{77A85F8E-1CFB-4F36-836C-33E7E900C9C3}.Release|Any CPU.ActiveCfg = Release|Any CPU
		{77A85F8E-1CFB-4F36-836C-33E7E900C9C3}.Release|Any CPU.Build.0 = Release|Any CPU
	EndGlobalSection
	GlobalSection(SolutionProperties) = preSolution
		HideSolutionNode = FALSE
	EndGlobalSection
	GlobalSection(ExtensibilityGlobals) = postSolution
		SolutionGuid = {42AC3900-DD27-4171-9929-718E2CB98DE7}
	EndGlobalSection
EndGlobal
